
Microsoft Visual Studio Solution File, Format Version 12.00
# Visual Studio Version 16
VisualStudioVersion = 16.0.29926.136
MinimumVisualStudioVersion = 10.0.40219.1
Project("{FAE04EC0-301F-11D3-BF4B-00C04F79EFBC}") = "PWNTech.GeonamesHelpers", "PWNTech.GeonamesHelpers\PWNTech.GeonamesHelpers.csproj", "{95B45E93-8A50-441E-BFA9-43A474923ED3}"
EndProject
Project("{FAE04EC0-301F-11D3-BF4B-00C04F79EFBC}") = "PWNTech.GeonamesHelpers.Test", "PWNTech.GeonamesHelpers.Test\PWNTech.GeonamesHelpers.Test.csproj", "{576ABC59-9D73-4BEC-A677-5DDF09DF6B9F}"
EndProject
Global
	GlobalSection(SolutionConfigurationPlatforms) = preSolution
		Debug|Any CPU = Debug|Any CPU
		Release|Any CPU = Release|Any CPU
	EndGlobalSection
	GlobalSection(ProjectConfigurationPlatforms) = postSolution
		{95B45E93-8A50-441E-BFA9-43A474923ED3}.Debug|Any CPU.ActiveCfg = Debug|Any CPU
		{95B45E93-8A50-441E-BFA9-43A474923ED3}.Debug|Any CPU.Build.0 = Debug|Any CPU
		{95B45E93-8A50-441E-BFA9-43A474923ED3}.Release|Any CPU.ActiveCfg = Release|Any CPU
		{95B45E93-8A50-441E-BFA9-43A474923ED3}.Release|Any CPU.Build.0 = Release|Any CPU
		{576ABC59-9D73-4BEC-A677-5DDF09DF6B9F}.Debug|Any CPU.ActiveCfg = Debug|Any CPU
		{576ABC59-9D73-4BEC-A677-5DDF09DF6B9F}.Debug|Any CPU.Build.0 = Debug|Any CPU
		{576ABC59-9D73-4BEC-A677-5DDF09DF6B9F}.Release|Any CPU.ActiveCfg = Release|Any CPU
		{576ABC59-9D73-4BEC-A677-5DDF09DF6B9F}.Release|Any CPU.Build.0 = Release|Any CPU
	EndGlobalSection
	GlobalSection(SolutionProperties) = preSolution
		HideSolutionNode = FALSE
	EndGlobalSection
	GlobalSection(ExtensibilityGlobals) = postSolution
		SolutionGuid = {7B215EBA-2050-4B5B-ACFD-919F06D18BD0}
	EndGlobalSection
EndGlobal
